
Microsoft Visual Studio Solution File, Format Version 12.00
# Visual Studio Version 17
VisualStudioVersion = 17.11.35303.130
MinimumVisualStudioVersion = 10.0.40219.1
Project("{FAE04EC0-301F-11D3-BF4B-00C04F79EFBC}") = "CitizenProposalApp", "CitizenProposalApp.csproj", "{3BC84833-D776-4365-A992-2587C454FE6B}"
EndProject
Global
	GlobalSection(SolutionConfigurationPlatforms) = preSolution
		Debug|Any CPU = Debug|Any CPU
		Release|Any CPU = Release|Any CPU
	EndGlobalSection
	GlobalSection(ProjectConfigurationPlatforms) = postSolution
		{3BC84833-D776-4365-A992-2587C454FE6B}.Debug|Any CPU.ActiveCfg = Debug|Any CPU
		{3BC84833-D776-4365-A992-2587C454FE6B}.Debug|Any CPU.Build.0 = Debug|Any CPU
		{3BC84833-D776-4365-A992-2587C454FE6B}.Release|Any CPU.ActiveCfg = Release|Any CPU
		{3BC84833-D776-4365-A992-2587C454FE6B}.Release|Any CPU.Build.0 = Release|Any CPU
	EndGlobalSection
	GlobalSection(SolutionProperties) = preSolution
		HideSolutionNode = FALSE
	EndGlobalSection
	GlobalSection(ExtensibilityGlobals) = postSolution
		SolutionGuid = {E0EA2E78-DEBB-49A8-BCDC-12DF33765230}
	EndGlobalSection
EndGlobal
